// !$*UTF8*$!
{
	archiveVersion = 1;
	classes = {
	};
	objectVersion = 46;
	objects = {

/* Begin PBXBuildFile section */
		EAF430B91CA233F800EEF7E2 /* main.m in Sources */ = {isa = PBXBuildFile; fileRef = EAF430B81CA233F800EEF7E2 /* main.m */; };
		EAF430BC1CA233F800EEF7E2 /* AppDelegate.m in Sources */ = {isa = PBXBuildFile; fileRef = EAF430BB1CA233F800EEF7E2 /* AppDelegate.m */; };
		EAF430BF1CA233F800EEF7E2 /* ViewController.m in Sources */ = {isa = PBXBuildFile; fileRef = EAF430BE1CA233F800EEF7E2 /* ViewController.m */; };
		EAF430C21CA233F800EEF7E2 /* Main.storyboard in Resources */ = {isa = PBXBuildFile; fileRef = EAF430C01CA233F800EEF7E2 /* Main.storyboard */; };
		EAF430C41CA233F800EEF7E2 /* Assets.xcassets in Resources */ = {isa = PBXBuildFile; fileRef = EAF430C31CA233F800EEF7E2 /* Assets.xcassets */; };
		EAF430C71CA233F800EEF7E2 /* LaunchScreen.storyboard in Resources */ = {isa = PBXBuildFile; fileRef = EAF430C51CA233F800EEF7E2 /* LaunchScreen.storyboard */; };
		EAF430D21CA233F800EEF7E2 /* xingdianTests.m in Sources */ = {isa = PBXBuildFile; fileRef = EAF430D11CA233F800EEF7E2 /* xingdianTests.m */; };
		EAF430DD1CA233F800EEF7E2 /* xingdianUITests.m in Sources */ = {isa = PBXBuildFile; fileRef = EAF430DC1CA233F800EEF7E2 /* xingdianUITests.m */; };
/* End PBXBuildFile section */

/* Begin PBXContainerItemProxy section */
		EAF430CE1CA233F800EEF7E2 /* PBXContainerItemProxy */ = {
			isa = PBXContainerItemProxy;
			containerPortal = EAF430AC1CA233F800EEF7E2 /* Project object */;
			proxyType = 1;
			remoteGlobalIDString = EAF430B31CA233F800EEF7E2;
			remoteInfo = xingdian;
		};
		EAF430D91CA233F800EEF7E2 /* PBXContainerItemProxy */ = {
			isa = PBXContainerItemProxy;
			containerPortal = EAF430AC1CA233F800EEF7E2 /* Project object */;
			proxyType = 1;
			remoteGlobalIDString = EAF430B31CA233F800EEF7E2;
			remoteInfo = xingdian;
		};
/* End PBXContainerItemProxy section */

/* Begin PBXFileReference section */
		EAF430B41CA233F800EEF7E2 /* xingdian.app */ = {isa = PBXFileReference; explicitFileType = wrapper.application; includeInIndex = 0; path = xingdian.app; sourceTree = BUILT_PRODUCTS_DIR; };
		EAF430B81CA233F800EEF7E2 /* main.m */ = {isa = PBXFileReference; lastKnownFileType = sourcecode.c.objc; path = main.m; sourceTree = "<group>"; };
		EAF430BA1CA233F800EEF7E2 /* AppDelegate.h */ = {isa = PBXFileReference; lastKnownFileType = sourcecode.c.h; name = AppDelegate.h; path = xingdian/AppDelegate.h; sourceTree = SOURCE_ROOT; };
		EAF430BB1CA233F800EEF7E2 /* AppDelegate.m */ = {isa = PBXFileReference; lastKnownFileType = sourcecode.c.objc; name = AppDelegate.m; path = xingdian/AppDelegate.m; sourceTree = SOURCE_ROOT; };
		EAF430BD1CA233F800EEF7E2 /* ViewController.h */ = {isa = PBXFileReference; lastKnownFileType = sourcecode.c.h; path = ViewController.h; sourceTree = "<group>"; };
		EAF430BE1CA233F800EEF7E2 /* ViewController.m */ = {isa = PBXFileReference; lastKnownFileType = sourcecode.c.objc; path = ViewController.m; sourceTree = "<group>"; };
		EAF430C11CA233F800EEF7E2 /* Base */ = {isa = PBXFileReference; lastKnownFileType = file.storyboard; name = Base; path = Base.lproj/Main.storyboard; sourceTree = "<group>"; };
		EAF430C31CA233F800EEF7E2 /* Assets.xcassets */ = {isa = PBXFileReference; lastKnownFileType = folder.assetcatalog; path = Assets.xcassets; sourceTree = "<group>"; };
		EAF430C61CA233F800EEF7E2 /* Base */ = {isa = PBXFileReference; lastKnownFileType = file.storyboard; name = Base; path = Base.lproj/LaunchScreen.storyboard; sourceTree = "<group>"; };
		EAF430C81CA233F800EEF7E2 /* Info.plist */ = {isa = PBXFileReference; lastKnownFileType = text.plist.xml; path = Info.plist; sourceTree = "<group>"; };
		EAF430CD1CA233F800EEF7E2 /* xingdianTests.xctest */ = {isa = PBXFileReference; explicitFileType = wrapper.cfbundle; includeInIndex = 0; path = xingdianTests.xctest; sourceTree = BUILT_PRODUCTS_DIR; };
		EAF430D11CA233F800EEF7E2 /* xingdianTests.m */ = {isa = PBXFileReference; lastKnownFileType = sourcecode.c.objc; path = xingdianTests.m; sourceTree = "<group>"; };
		EAF430D31CA233F800EEF7E2 /* Info.plist */ = {isa = PBXFileReference; lastKnownFileType = text.plist.xml; path = Info.plist; sourceTree = "<group>"; };
		EAF430D81CA233F800EEF7E2 /* xingdianUITests.xctest */ = {isa = PBXFileReference; explicitFileType = wrapper.cfbundle; includeInIndex = 0; path = xingdianUITests.xctest; sourceTree = BUILT_PRODUCTS_DIR; };
		EAF430DC1CA233F800EEF7E2 /* xingdianUITests.m */ = {isa = PBXFileReference; lastKnownFileType = sourcecode.c.objc; path = xingdianUITests.m; sourceTree = "<group>"; };
		EAF430DE1CA233F800EEF7E2 /* Info.plist */ = {isa = PBXFileReference; lastKnownFileType = text.plist.xml; path = Info.plist; sourceTree = "<group>"; };
/* End PBXFileReference section */

/* Begin PBXFrameworksBuildPhase section */
		EAF430B11CA233F800EEF7E2 /* Frameworks */ = {
			isa = PBXFrameworksBuildPhase;
			buildActionMask = 2147483647;
			files = (
			);
			runOnlyForDeploymentPostprocessing = 0;
		};
		EAF430CA1CA233F800EEF7E2 /* Frameworks */ = {
			isa = PBXFrameworksBuildPhase;
			buildActionMask = 2147483647;
			files = (
			);
			runOnlyForDeploymentPostprocessing = 0;
		};
		EAF430D51CA233F800EEF7E2 /* Frameworks */ = {
			isa = PBXFrameworksBuildPhase;
			buildActionMask = 2147483647;
			files = (
			);
			runOnlyForDeploymentPostprocessing = 0;
		};
/* End PBXFrameworksBuildPhase section */

/* Begin PBXGroup section */
		EAF430AB1CA233F800EEF7E2 = {
			isa = PBXGroup;
			children = (
				EAF430B61CA233F800EEF7E2 /* xingdian */,
				EAF430D01CA233F800EEF7E2 /* xingdianTests */,
				EAF430DB1CA233F800EEF7E2 /* xingdianUITests */,
				EAF430B51CA233F800EEF7E2 /* Products */,
			);
			sourceTree = "<group>";
		};
		EAF430B51CA233F800EEF7E2 /* Products */ = {
			isa = PBXGroup;
			children = (
				EAF430B41CA233F800EEF7E2 /* xingdian.app */,
				EAF430CD1CA233F800EEF7E2 /* xingdianTests.xctest */,
				EAF430D81CA233F800EEF7E2 /* xingdianUITests.xctest */,
			);
			name = Products;
			sourceTree = "<group>";
		};
		EAF430B61CA233F800EEF7E2 /* xingdian */ = {
			isa = PBXGroup;
			children = (
				EAF430EA1CA2351500EEF7E2 /* App */,
				EAF430EB1CA236BE00EEF7E2 /* SliderMenu */,
				EAF430B71CA233F800EEF7E2 /* Supporting Files */,
				EAF430BD1CA233F800EEF7E2 /* ViewController.h */,
				EAF430BE1CA233F800EEF7E2 /* ViewController.m */,
				EAF430C01CA233F800EEF7E2 /* Main.storyboard */,
			);
			path = xingdian;
			sourceTree = "<group>";
		};
		EAF430B71CA233F800EEF7E2 /* Supporting Files */ = {
			isa = PBXGroup;
			children = (
				EAF430C31CA233F800EEF7E2 /* Assets.xcassets */,
				EAF430C51CA233F800EEF7E2 /* LaunchScreen.storyboard */,
				EAF430C81CA233F800EEF7E2 /* Info.plist */,
				EAF430B81CA233F800EEF7E2 /* main.m */,
			);
			name = "Supporting Files";
			sourceTree = "<group>";
		};
		EAF430D01CA233F800EEF7E2 /* xingdianTests */ = {
			isa = PBXGroup;
			children = (
				EAF430D11CA233F800EEF7E2 /* xingdianTests.m */,
				EAF430D31CA233F800EEF7E2 /* Info.plist */,
			);
			path = xingdianTests;
			sourceTree = "<group>";
		};
		EAF430DB1CA233F800EEF7E2 /* xingdianUITests */ = {
			isa = PBXGroup;
			children = (
				EAF430DC1CA233F800EEF7E2 /* xingdianUITests.m */,
				EAF430DE1CA233F800EEF7E2 /* Info.plist */,
			);
			path = xingdianUITests;
			sourceTree = "<group>";
		};
		EAF430EA1CA2351500EEF7E2 /* App */ = {
			isa = PBXGroup;
			children = (
				EAF430BA1CA233F800EEF7E2 /* AppDelegate.h */,
				EAF430BB1CA233F800EEF7E2 /* AppDelegate.m */,
			);
			path = App;
			sourceTree = "<group>";
		};
		EAF430EB1CA236BE00EEF7E2 /* SliderMenu */ = {
			isa = PBXGroup;
			children = (
			);
			path = SliderMenu;
			sourceTree = "<group>";
		};
/* End PBXGroup section */

/* Begin PBXNativeTarget section */
		EAF430B31CA233F800EEF7E2 /* xingdian */ = {
			isa = PBXNativeTarget;
			buildConfigurationList = EAF430E11CA233F800EEF7E2 /* Build configuration list for PBXNativeTarget "xingdian" */;
			buildPhases = (
				EAF430B01CA233F800EEF7E2 /* Sources */,
				EAF430B11CA233F800EEF7E2 /* Frameworks */,
				EAF430B21CA233F800EEF7E2 /* Resources */,
			);
			buildRules = (
			);
			dependencies = (
			);
			name = xingdian;
			productName = xingdian;
			productReference = EAF430B41CA233F800EEF7E2 /* xingdian.app */;
			productType = "com.apple.product-type.application";
		};
		EAF430CC1CA233F800EEF7E2 /* xingdianTests */ = {
			isa = PBXNativeTarget;
			buildConfigurationList = EAF430E41CA233F800EEF7E2 /* Build configuration list for PBXNativeTarget "xingdianTests" */;
			buildPhases = (
				EAF430C91CA233F800EEF7E2 /* Sources */,
				EAF430CA1CA233F800EEF7E2 /* Frameworks */,
				EAF430CB1CA233F800EEF7E2 /* Resources */,
			);
			buildRules = (
			);
			dependencies = (
				EAF430CF1CA233F800EEF7E2 /* PBXTargetDependency */,
			);
			name = xingdianTests;
			productName = xingdianTests;
			productReference = EAF430CD1CA233F800EEF7E2 /* xingdianTests.xctest */;
			productType = "com.apple.product-type.bundle.unit-test";
		};
		EAF430D71CA233F800EEF7E2 /* xingdianUITests */ = {
			isa = PBXNativeTarget;
			buildConfigurationList = EAF430E71CA233F800EEF7E2 /* Build configuration list for PBXNativeTarget "xingdianUITests" */;
			buildPhases = (
				EAF430D41CA233F800EEF7E2 /* Sources */,
				EAF430D51CA233F800EEF7E2 /* Frameworks */,
				EAF430D61CA233F800EEF7E2 /* Resources */,
			);
			buildRules = (
			);
			dependencies = (
				EAF430DA1CA233F800EEF7E2 /* PBXTargetDependency */,
			);
			name = xingdianUITests;
			productName = xingdianUITests;
			productReference = EAF430D81CA233F800EEF7E2 /* xingdianUITests.xctest */;
			productType = "com.apple.product-type.bundle.ui-testing";
		};
/* End PBXNativeTarget section */

/* Begin PBXProject section */
		EAF430AC1CA233F800EEF7E2 /* Project object */ = {
			isa = PBXProject;
			attributes = {
				LastUpgradeCheck = 0720;
				ORGANIZATIONNAME = "PeaK Points Tec Co.,Ltd";
				TargetAttributes = {
					EAF430B31CA233F800EEF7E2 = {
						CreatedOnToolsVersion = 7.2.1;
						DevelopmentTeam = NS9E2DSK82;
					};
					EAF430CC1CA233F800EEF7E2 = {
						CreatedOnToolsVersion = 7.2.1;
						TestTargetID = EAF430B31CA233F800EEF7E2;
					};
					EAF430D71CA233F800EEF7E2 = {
						CreatedOnToolsVersion = 7.2.1;
						TestTargetID = EAF430B31CA233F800EEF7E2;
					};
				};
			};
			buildConfigurationList = EAF430AF1CA233F800EEF7E2 /* Build configuration list for PBXProject "xingdian" */;
			compatibilityVersion = "Xcode 3.2";
			developmentRegion = English;
			hasScannedForEncodings = 0;
			knownRegions = (
				en,
				Base,
			);
			mainGroup = EAF430AB1CA233F800EEF7E2;
			productRefGroup = EAF430B51CA233F800EEF7E2 /* Products */;
			projectDirPath = "";
			projectRoot = "";
			targets = (
				EAF430B31CA233F800EEF7E2 /* xingdian */,
				EAF430CC1CA233F800EEF7E2 /* xingdianTests */,
				EAF430D71CA233F800EEF7E2 /* xingdianUITests */,
			);
		};
/* End PBXProject section */

/* Begin PBXResourcesBuildPhase section */
		EAF430B21CA233F800EEF7E2 /* Resources */ = {
			isa = PBXResourcesBuildPhase;
			buildActionMask = 2147483647;
			files = (
				EAF430C71CA233F800EEF7E2 /* LaunchScreen.storyboard in Resources */,
				EAF430C41CA233F800EEF7E2 /* Assets.xcassets in Resources */,
				EAF430C21CA233F800EEF7E2 /* Main.storyboard in Resources */,
			);
			runOnlyForDeploymentPostprocessing = 0;
		};
		EAF430CB1CA233F800EEF7E2 /* Resources */ = {
			isa = PBXResourcesBuildPhase;
			buildActionMask = 2147483647;
			files = (
			);
			runOnlyForDeploymentPostprocessing = 0;
		};
		EAF430D61CA233F800EEF7E2 /* Resources */ = {
			isa = PBXResourcesBuildPhase;
			buildActionMask = 2147483647;
			files = (
			);
			runOnlyForDeploymentPostprocessing = 0;
		};
/* End PBXResourcesBuildPhase section */

/* Begin PBXSourcesBuildPhase section */
		EAF430B01CA233F800EEF7E2 /* Sources */ = {
			isa = PBXSourcesBuildPhase;
			buildActionMask = 2147483647;
			files = (
				EAF430BF1CA233F800EEF7E2 /* ViewController.m in Sources */,
				EAF430BC1CA233F800EEF7E2 /* AppDelegate.m in Sources */,
				EAF430B91CA233F800EEF7E2 /* main.m in Sources */,
			);
			runOnlyForDeploymentPostprocessing = 0;
		};
		EAF430C91CA233F800EEF7E2 /* Sources */ = {
			isa = PBXSourcesBuildPhase;
			buildActionMask = 2147483647;
			files = (
				EAF430D21CA233F800EEF7E2 /* xingdianTests.m in Sources */,
			);
			runOnlyForDeploymentPostprocessing = 0;
		};
		EAF430D41CA233F800EEF7E2 /* Sources */ = {
			isa = PBXSourcesBuildPhase;
			buildActionMask = 2147483647;
			files = (
				EAF430DD1CA233F800EEF7E2 /* xingdianUITests.m in Sources */,
			);
			runOnlyForDeploymentPostprocessing = 0;
		};
/* End PBXSourcesBuildPhase section */

/* Begin PBXTargetDependency section */
		EAF430CF1CA233F800EEF7E2 /* PBXTargetDependency */ = {
			isa = PBXTargetDependency;
			target = EAF430B31CA233F800EEF7E2 /* xingdian */;
			targetProxy = EAF430CE1CA233F800EEF7E2 /* PBXContainerItemProxy */;
		};
		EAF430DA1CA233F800EEF7E2 /* PBXTargetDependency */ = {
			isa = PBXTargetDependency;
			target = EAF430B31CA233F800EEF7E2 /* xingdian */;
			targetProxy = EAF430D91CA233F800EEF7E2 /* PBXContainerItemProxy */;
		};
/* End PBXTargetDependency section */

/* Begin PBXVariantGroup section */
		EAF430C01CA233F800EEF7E2 /* Main.storyboard */ = {
			isa = PBXVariantGroup;
			children = (
				EAF430C11CA233F800EEF7E2 /* Base */,
			);
			name = Main.storyboard;
			sourceTree = "<group>";
		};
		EAF430C51CA233F800EEF7E2 /* LaunchScreen.storyboard */ = {
			isa = PBXVariantGroup;
			children = (
				EAF430C61CA233F800EEF7E2 /* Base */,
			);
			name = LaunchScreen.storyboard;
			sourceTree = "<group>";
		};
/* End PBXVariantGroup section */

/* Begin XCBuildConfiguration section */
		EAF430DF1CA233F800EEF7E2 /* Debug */ = {
			isa = XCBuildConfiguration;
			buildSettings = {
				ALWAYS_SEARCH_USER_PATHS = NO;
				CLANG_CXX_LANGUAGE_STANDARD = "gnu++0x";
				CLANG_CXX_LIBRARY = "libc++";
				CLANG_ENABLE_MODULES = YES;
				CLANG_ENABLE_OBJC_ARC = YES;
				CLANG_WARN_BOOL_CONVERSION = YES;
				CLANG_WARN_CONSTANT_CONVERSION = YES;
				CLANG_WARN_DIRECT_OBJC_ISA_USAGE = YES_ERROR;
				CLANG_WARN_EMPTY_BODY = YES;
				CLANG_WARN_ENUM_CONVERSION = YES;
				CLANG_WARN_INT_CONVERSION = YES;
				CLANG_WARN_OBJC_ROOT_CLASS = YES_ERROR;
				CLANG_WARN_UNREACHABLE_CODE = YES;
				CLANG_WARN__DUPLICATE_METHOD_MATCH = YES;
				"CODE_SIGN_IDENTITY[sdk=iphoneos*]" = "iPhone Developer";
				COPY_PHASE_STRIP = NO;
				DEBUG_INFORMATION_FORMAT = dwarf;
				ENABLE_STRICT_OBJC_MSGSEND = YES;
				ENABLE_TESTABILITY = YES;
				GCC_C_LANGUAGE_STANDARD = gnu99;
				GCC_DYNAMIC_NO_PIC = NO;
				GCC_NO_COMMON_BLOCKS = YES;
				GCC_OPTIMIZATION_LEVEL = 0;
				GCC_PREPROCESSOR_DEFINITIONS = (
					"DEBUG=1",
					"$(inherited)",
				);
				GCC_WARN_64_TO_32_BIT_CONVERSION = YES;
				GCC_WARN_ABOUT_RETURN_TYPE = YES_ERROR;
				GCC_WARN_UNDECLARED_SELECTOR = YES;
				GCC_WARN_UNINITIALIZED_AUTOS = YES_AGGRESSIVE;
				GCC_WARN_UNUSED_FUNCTION = YES;
				GCC_WARN_UNUSED_VARIABLE = YES;
				IPHONEOS_DEPLOYMENT_TARGET = 9.2;
				MTL_ENABLE_DEBUG_INFO = YES;
				ONLY_ACTIVE_ARCH = YES;
				SDKROOT = iphoneos;
			};
			name = Debug;
		};
		EAF430E01CA233F800EEF7E2 /* Release */ = {
			isa = XCBuildConfiguration;
			buildSettings = {
				ALWAYS_SEARCH_USER_PATHS = NO;
				CLANG_CXX_LANGUAGE_STANDARD = "gnu++0x";
				CLANG_CXX_LIBRARY = "libc++";
				CLANG_ENABLE_MODULES = YES;
				CLANG_ENABLE_OBJC_ARC = YES;
				CLANG_WARN_BOOL_CONVERSION = YES;
				CLANG_WARN_CONSTANT_CONVERSION = YES;
				CLANG_WARN_DIRECT_OBJC_ISA_USAGE = YES_ERROR;
				CLANG_WARN_EMPTY_BODY = YES;
				CLANG_WARN_ENUM_CONVERSION = YES;
				CLANG_WARN_INT_CONVERSION = YES;
				CLANG_WARN_OBJC_ROOT_CLASS = YES_ERROR;
				CLANG_WARN_UNREACHABLE_CODE = YES;
				CLANG_WARN__DUPLICATE_METHOD_MATCH = YES;
				"CODE_SIGN_IDENTITY[sdk=iphoneos*]" = "iPhone Developer";
				COPY_PHASE_STRIP = NO;
				DEBUG_INFORMATION_FORMAT = "dwarf-with-dsym";
				ENABLE_NS_ASSERTIONS = NO;
				ENABLE_STRICT_OBJC_MSGSEND = YES;
				GCC_C_LANGUAGE_STANDARD = gnu99;
				GCC_NO_COMMON_BLOCKS = YES;
				GCC_WARN_64_TO_32_BIT_CONVERSION = YES;
				GCC_WARN_ABOUT_RETURN_TYPE = YES_ERROR;
				GCC_WARN_UNDECLARED_SELECTOR = YES;
				GCC_WARN_UNINITIALIZED_AUTOS = YES_AGGRESSIVE;
				GCC_WARN_UNUSED_FUNCTION = YES;
				GCC_WARN_UNUSED_VARIABLE = YES;
				IPHONEOS_DEPLOYMENT_TARGET = 9.2;
				MTL_ENABLE_DEBUG_INFO = NO;
				SDKROOT = iphoneos;
				VALIDATE_PRODUCT = YES;
			};
			name = Release;
		};
		EAF430E21CA233F800EEF7E2 /* Debug */ = {
			isa = XCBuildConfiguration;
			buildSettings = {
				ASSETCATALOG_COMPILER_APPICON_NAME = AppIcon;
				CODE_SIGN_IDENTITY = "iPhone Developer";
				INFOPLIST_FILE = xingdian/Info.plist;
				LD_RUNPATH_SEARCH_PATHS = "$(inherited) @executable_path/Frameworks";
				PRODUCT_BUNDLE_IDENTIFIER = com.peakpoints.xingdian;
				PRODUCT_NAME = "$(TARGET_NAME)";
			};
			name = Debug;
		};
		EAF430E31CA233F800EEF7E2 /* Release */ = {
			isa = XCBuildConfiguration;
			buildSettings = {
				ASSETCATALOG_COMPILER_APPICON_NAME = AppIcon;
				CODE_SIGN_IDENTITY = "iPhone Developer";
				INFOPLIST_FILE = xingdian/Info.plist;
				LD_RUNPATH_SEARCH_PATHS = "$(inherited) @executable_path/Frameworks";
				PRODUCT_BUNDLE_IDENTIFIER = com.peakpoints.xingdian;
				PRODUCT_NAME = "$(TARGET_NAME)";
			};
			name = Release;
		};
		EAF430E51CA233F800EEF7E2 /* Debug */ = {
			isa = XCBuildConfiguration;
			buildSettings = {
				BUNDLE_LOADER = "$(TEST_HOST)";
				INFOPLIST_FILE = xingdianTests/Info.plist;
				LD_RUNPATH_SEARCH_PATHS = "$(inherited) @executable_path/Frameworks @loader_path/Frameworks";
				PRODUCT_BUNDLE_IDENTIFIER = com.peakpoints.xingdianTests;
				PRODUCT_NAME = "$(TARGET_NAME)";
				TEST_HOST = "$(BUILT_PRODUCTS_DIR)/xingdian.app/xingdian";
			};
			name = Debug;
		};
		EAF430E61CA233F800EEF7E2 /* Release */ = {
			isa = XCBuildConfiguration;
			buildSettings = {
				BUNDLE_LOADER = "$(TEST_HOST)";
				INFOPLIST_FILE = xingdianTests/Info.plist;
				LD_RUNPATH_SEARCH_PATHS = "$(inherited) @executable_path/Frameworks @loader_path/Frameworks";
				PRODUCT_BUNDLE_IDENTIFIER = com.peakpoints.xingdianTests;
				PRODUCT_NAME = "$(TARGET_NAME)";
				TEST_HOST = "$(BUILT_PRODUCTS_DIR)/xingdian.app/xingdian";
			};
			name = Release;
		};
		EAF430E81CA233F800EEF7E2 /* Debug */ = {
			isa = XCBuildConfiguration;
			buildSettings = {
				INFOPLIST_FILE = xingdianUITests/Info.plist;
				LD_RUNPATH_SEARCH_PATHS = "$(inherited) @executable_path/Frameworks @loader_path/Frameworks";
				PRODUCT_BUNDLE_IDENTIFIER = com.peakpoints.xingdianUITests;
				PRODUCT_NAME = "$(TARGET_NAME)";
				TEST_TARGET_NAME = xingdian;
				USES_XCTRUNNER = YES;
			};
			name = Debug;
		};
		EAF430E91CA233F800EEF7E2 /* Release */ = {
			isa = XCBuildConfiguration;
			buildSettings = {
				INFOPLIST_FILE = xingdianUITests/Info.plist;
				LD_RUNPATH_SEARCH_PATHS = "$(inherited) @executable_path/Frameworks @loader_path/Frameworks";
				PRODUCT_BUNDLE_IDENTIFIER = com.peakpoints.xingdianUITests;
				PRODUCT_NAME = "$(TARGET_NAME)";
				TEST_TARGET_NAME = xingdian;
				USES_XCTRUNNER = YES;
			};
			name = Release;
		};
/* End XCBuildConfiguration section */

/* Begin XCConfigurationList section */
		EAF430AF1CA233F800EEF7E2 /* Build configuration list for PBXProject "xingdian" */ = {
			isa = XCConfigurationList;
			buildConfigurations = (
				EAF430DF1CA233F800EEF7E2 /* Debug */,
				EAF430E01CA233F800EEF7E2 /* Release */,
			);
			defaultConfigurationIsVisible = 0;
			defaultConfigurationName = Release;
		};
		EAF430E11CA233F800EEF7E2 /* Build configuration list for PBXNativeTarget "xingdian" */ = {
			isa = XCConfigurationList;
			buildConfigurations = (
				EAF430E21CA233F800EEF7E2 /* Debug */,
				EAF430E31CA233F800EEF7E2 /* Release */,
			);
			defaultConfigurationIsVisible = 0;
		};
		EAF430E41CA233F800EEF7E2 /* Build configuration list for PBXNativeTarget "xingdianTests" */ = {
			isa = XCConfigurationList;
			buildConfigurations = (
				EAF430E51CA233F800EEF7E2 /* Debug */,
				EAF430E61CA233F800EEF7E2 /* Release */,
			);
			defaultConfigurationIsVisible = 0;
		};
		EAF430E71CA233F800EEF7E2 /* Build configuration list for PBXNativeTarget "xingdianUITests" */ = {
			isa = XCConfigurationList;
			buildConfigurations = (
				EAF430E81CA233F800EEF7E2 /* Debug */,
				EAF430E91CA233F800EEF7E2 /* Release */,
			);
			defaultConfigurationIsVisible = 0;
		};
/* End XCConfigurationList section */
	};
	rootObject = EAF430AC1CA233F800EEF7E2 /* Project object */;
}
